
Microsoft Visual Studio Solution File, Format Version 12.00
# Visual Studio Version 17
VisualStudioVersion = 17.7.34031.279
MinimumVisualStudioVersion = 10.0.40219.1
Project("{8BC9CEB8-8B4A-11D0-8D11-00A0C91BC942}") = "tictactoe", "tictactoe\tictactoe.vcxproj", "{EC16FBC7-908A-4AD3-A95B-EE882769CF39}"
EndProject
Global
	GlobalSection(SolutionConfigurationPlatforms) = preSolution
		Debug|x64 = Debug|x64
		Debug|x86 = Debug|x86
		Release|x64 = Release|x64
		Release|x86 = Release|x86
	EndGlobalSection
	GlobalSection(ProjectConfigurationPlatforms) = postSolution
		{EC16FBC7-908A-4AD3-A95B-EE882769CF39}.Debug|x64.ActiveCfg = Debug|x64
		{EC16FBC7-908A-4AD3-A95B-EE882769CF39}.Debug|x64.Build.0 = Debug|x64
		{EC16FBC7-908A-4AD3-A95B-EE882769CF39}.Debug|x86.ActiveCfg = Debug|Win32
		{EC16FBC7-908A-4AD3-A95B-EE882769CF39}.Debug|x86.Build.0 = Debug|Win32
		{EC16FBC7-908A-4AD3-A95B-EE882769CF39}.Release|x64.ActiveCfg = Release|x64
		{EC16FBC7-908A-4AD3-A95B-EE882769CF39}.Release|x64.Build.0 = Release|x64
		{EC16FBC7-908A-4AD3-A95B-EE882769CF39}.Release|x86.ActiveCfg = Release|Win32
		{EC16FBC7-908A-4AD3-A95B-EE882769CF39}.Release|x86.Build.0 = Release|Win32
	EndGlobalSection
	GlobalSection(SolutionProperties) = preSolution
		HideSolutionNode = FALSE
	EndGlobalSection
	GlobalSection(ExtensibilityGlobals) = postSolution
		SolutionGuid = {A445ABA2-297A-4F16-83EE-5B259B1A12E7}
	EndGlobalSection
EndGlobal
